
Microsoft Visual Studio Solution File, Format Version 12.00
# Visual Studio Version 17
VisualStudioVersion = 17.13.35818.85 d17.13
MinimumVisualStudioVersion = 10.0.40219.1
Project("{FAE04EC0-301F-11D3-BF4B-00C04F79EFBC}") = "Testgithubpages", "Testgithubpages\Testgithubpages.csproj", "{7B01C864-05EC-4556-AA0F-CBAEA89C49B2}"
EndProject
Project("{FAE04EC0-301F-11D3-BF4B-00C04F79EFBC}") = "Testgithubpages.Client", "Testgithubpages.Client\Testgithubpages.Client.csproj", "{C19580CD-9848-47C8-A5C6-759B565D5724}"
EndProject
Global
	GlobalSection(SolutionConfigurationPlatforms) = preSolution
		Debug|Any CPU = Debug|Any CPU
		Release|Any CPU = Release|Any CPU
	EndGlobalSection
	GlobalSection(ProjectConfigurationPlatforms) = postSolution
		{7B01C864-05EC-4556-AA0F-CBAEA89C49B2}.Debug|Any CPU.ActiveCfg = Debug|Any CPU
		{7B01C864-05EC-4556-AA0F-CBAEA89C49B2}.Debug|Any CPU.Build.0 = Debug|Any CPU
		{7B01C864-05EC-4556-AA0F-CBAEA89C49B2}.Release|Any CPU.ActiveCfg = Release|Any CPU
		{7B01C864-05EC-4556-AA0F-CBAEA89C49B2}.Release|Any CPU.Build.0 = Release|Any CPU
		{C19580CD-9848-47C8-A5C6-759B565D5724}.Debug|Any CPU.ActiveCfg = Debug|Any CPU
		{C19580CD-9848-47C8-A5C6-759B565D5724}.Debug|Any CPU.Build.0 = Debug|Any CPU
		{C19580CD-9848-47C8-A5C6-759B565D5724}.Release|Any CPU.ActiveCfg = Release|Any CPU
		{C19580CD-9848-47C8-A5C6-759B565D5724}.Release|Any CPU.Build.0 = Release|Any CPU
	EndGlobalSection
	GlobalSection(SolutionProperties) = preSolution
		HideSolutionNode = FALSE
	EndGlobalSection
	GlobalSection(ExtensibilityGlobals) = postSolution
		SolutionGuid = {A6F4568D-4D5C-4838-A2B7-A03B67FB4DFF}
	EndGlobalSection
EndGlobal
